# THIS IS AN AUTOGENERATED FILE. DO NOT EDIT THIS FILE DIRECTLY.
# yarn lockfile v1


swiper@^11.0.5:
  version "11.0.5"
  resolved "https://registry.yarnpkg.com/swiper/-/swiper-11.0.5.tgz#6ed1ad06e6906ba42fd4b93d4988f0626a49046e"
  integrity sha512-rhCwupqSyRnWrtNzWzemnBLMoyYuoDgGgspAm/8iBD3jCvAWycPLH4Z3TB0O5520DHLzMx94yUMH/B9Efpa48w==
